{
  "name": "react-hooks-npm-lab",
  "version": "0.1.0",
  "lockfileVersion": 3,
  "requires": true,
  "packages": {
    "": {
      "name": "react-hooks-npm-lab",
      "version": "0.1.0",
      "license": "CC-BY-NC-SA-4.0",
      "dependencies": {
        "date-fn": "^0.0.2"
      },
      "devDependencies": {}
    },
    "node_modules/date-fn": {
      "version": "0.0.2",
      "resolved": "https://registry.npmjs.org/date-fn/-/date-fn-0.0.2.tgz",
      "integrity": "sha512-DBIKrlB2w9d6UPZwYn6qqSeKLwHt5uRf9Mj/PiGWHGQ5CxnvMCx2KteO5owfiknkYzMngrDwz5nX4CGxYlr0uA=="
    }
  }
}
